
Microsoft Visual Studio Solution File, Format Version 12.00
# Visual Studio Version 16
VisualStudioVersion = 16.0.31424.327
MinimumVisualStudioVersion = 10.0.40219.1
Project("{FAE04EC0-301F-11D3-BF4B-00C04F79EFBC}") = "ExceptionsApp", "ExceptionsApp\ExceptionsApp.csproj", "{BAA0058D-F49F-4640-A5D7-396AEF16AF53}"
EndProject
Project("{FAE04EC0-301F-11D3-BF4B-00C04F79EFBC}") = "ExceptionsDataTypeTest", "ExceptionsDataTypeTest\ExceptionsDataTypeTest.csproj", "{49F13A99-F3AE-4108-A1C2-0970E1698F7F}"
EndProject
Global
	GlobalSection(SolutionConfigurationPlatforms) = preSolution
		Debug|Any CPU = Debug|Any CPU
		Release|Any CPU = Release|Any CPU
	EndGlobalSection
	GlobalSection(ProjectConfigurationPlatforms) = postSolution
		{BAA0058D-F49F-4640-A5D7-396AEF16AF53}.Debug|Any CPU.ActiveCfg = Debug|Any CPU
		{BAA0058D-F49F-4640-A5D7-396AEF16AF53}.Debug|Any CPU.Build.0 = Debug|Any CPU
		{BAA0058D-F49F-4640-A5D7-396AEF16AF53}.Release|Any CPU.ActiveCfg = Release|Any CPU
		{BAA0058D-F49F-4640-A5D7-396AEF16AF53}.Release|Any CPU.Build.0 = Release|Any CPU
		{49F13A99-F3AE-4108-A1C2-0970E1698F7F}.Debug|Any CPU.ActiveCfg = Debug|Any CPU
		{49F13A99-F3AE-4108-A1C2-0970E1698F7F}.Debug|Any CPU.Build.0 = Debug|Any CPU
		{49F13A99-F3AE-4108-A1C2-0970E1698F7F}.Release|Any CPU.ActiveCfg = Release|Any CPU
		{49F13A99-F3AE-4108-A1C2-0970E1698F7F}.Release|Any CPU.Build.0 = Release|Any CPU
	EndGlobalSection
	GlobalSection(SolutionProperties) = preSolution
		HideSolutionNode = FALSE
	EndGlobalSection
	GlobalSection(ExtensibilityGlobals) = postSolution
		SolutionGuid = {316BE827-019B-4DC7-AED8-D546F3C3F223}
	EndGlobalSection
EndGlobal
